
Microsoft Visual Studio Solution File, Format Version 12.00
# Visual Studio Version 16
VisualStudioVersion = 16.0.31410.357
MinimumVisualStudioVersion = 10.0.40219.1
Project("{FAE04EC0-301F-11D3-BF4B-00C04F79EFBC}") = "app-web-backend", "app-web-backend\app-web-backend.csproj", "{201B1153-A99B-43EC-B423-5C752F8DAA55}"
EndProject
Global
	GlobalSection(SolutionConfigurationPlatforms) = preSolution
		Debug|Any CPU = Debug|Any CPU
		Release|Any CPU = Release|Any CPU
	EndGlobalSection
	GlobalSection(ProjectConfigurationPlatforms) = postSolution
		{201B1153-A99B-43EC-B423-5C752F8DAA55}.Debug|Any CPU.ActiveCfg = Debug|Any CPU
		{201B1153-A99B-43EC-B423-5C752F8DAA55}.Debug|Any CPU.Build.0 = Debug|Any CPU
		{201B1153-A99B-43EC-B423-5C752F8DAA55}.Release|Any CPU.ActiveCfg = Release|Any CPU
		{201B1153-A99B-43EC-B423-5C752F8DAA55}.Release|Any CPU.Build.0 = Release|Any CPU
	EndGlobalSection
	GlobalSection(SolutionProperties) = preSolution
		HideSolutionNode = FALSE
	EndGlobalSection
	GlobalSection(ExtensibilityGlobals) = postSolution
		SolutionGuid = {0354C657-DA74-41AC-B04F-1C1F18993AA5}
	EndGlobalSection
EndGlobal
